// !$*UTF8*$!
{
	archiveVersion = 1;
	classes = {
	};
	objectVersion = 56;
	objects = {

/* Begin PBXBuildFile section */
		2539EA3E29508206005B8B32 /* AppDelegate.swift in Sources */ = {isa = PBXBuildFile; fileRef = 2539EA3D29508206005B8B32 /* AppDelegate.swift */; };
		2539EA4029508206005B8B32 /* SceneDelegate.swift in Sources */ = {isa = PBXBuildFile; fileRef = 2539EA3F29508206005B8B32 /* SceneDelegate.swift */; };
		2539EA4729508207005B8B32 /* Assets.xcassets in Resources */ = {isa = PBXBuildFile; fileRef = 2539EA4629508207005B8B32 /* Assets.xcassets */; };
		2539EA4A29508207005B8B32 /* LaunchScreen.storyboard in Resources */ = {isa = PBXBuildFile; fileRef = 2539EA4829508207005B8B32 /* LaunchScreen.storyboard */; };
		2539EA5529508208005B8B32 /* KeepCoding_DragonBallAPI_Calzadilla_CTests.swift in Sources */ = {isa = PBXBuildFile; fileRef = 2539EA5429508208005B8B32 /* KeepCoding_DragonBallAPI_Calzadilla_CTests.swift */; };
		2539EA5F29508208005B8B32 /* KeepCoding_DragonBallAPI_Calzadilla_CUITests.swift in Sources */ = {isa = PBXBuildFile; fileRef = 2539EA5E29508208005B8B32 /* KeepCoding_DragonBallAPI_Calzadilla_CUITests.swift */; };
		2539EA6129508208005B8B32 /* KeepCoding_DragonBallAPI_Calzadilla_CUITestsLaunchTests.swift in Sources */ = {isa = PBXBuildFile; fileRef = 2539EA6029508208005B8B32 /* KeepCoding_DragonBallAPI_Calzadilla_CUITestsLaunchTests.swift */; };
		2539EA79295085B0005B8B32 /* CustomCell.swift in Sources */ = {isa = PBXBuildFile; fileRef = 2539EA77295085B0005B8B32 /* CustomCell.swift */; };
		2539EA7A295085B0005B8B32 /* CustomCell.xib in Resources */ = {isa = PBXBuildFile; fileRef = 2539EA78295085B0005B8B32 /* CustomCell.xib */; };
		2539EA7D2950893E005B8B32 /* PrincipalTable.swift in Sources */ = {isa = PBXBuildFile; fileRef = 2539EA7B2950893E005B8B32 /* PrincipalTable.swift */; };
		2539EA7E2950893E005B8B32 /* PrincipalTable.xib in Resources */ = {isa = PBXBuildFile; fileRef = 2539EA7C2950893E005B8B32 /* PrincipalTable.xib */; };
		2539EA8029508E3E005B8B32 /* CharacterClass.swift in Sources */ = {isa = PBXBuildFile; fileRef = 2539EA7F29508E3E005B8B32 /* CharacterClass.swift */; };
/* End PBXBuildFile section */

/* Begin PBXContainerItemProxy section */
		2539EA5129508208005B8B32 /* PBXContainerItemProxy */ = {
			isa = PBXContainerItemProxy;
			containerPortal = 2539EA3229508206005B8B32 /* Project object */;
			proxyType = 1;
			remoteGlobalIDString = 2539EA3929508206005B8B32;
			remoteInfo = KeepCoding_DragonBallAPI_Calzadilla_C;
		};
		2539EA5B29508208005B8B32 /* PBXContainerItemProxy */ = {
			isa = PBXContainerItemProxy;
			containerPortal = 2539EA3229508206005B8B32 /* Project object */;
			proxyType = 1;
			remoteGlobalIDString = 2539EA3929508206005B8B32;
			remoteInfo = KeepCoding_DragonBallAPI_Calzadilla_C;
		};
/* End PBXContainerItemProxy section */

/* Begin PBXFileReference section */
		2539EA3A29508206005B8B32 /* KeepCoding_DragonBallAPI_Calzadilla_C.app */ = {isa = PBXFileReference; explicitFileType = wrapper.application; includeInIndex = 0; path = KeepCoding_DragonBallAPI_Calzadilla_C.app; sourceTree = BUILT_PRODUCTS_DIR; };
		2539EA3D29508206005B8B32 /* AppDelegate.swift */ = {isa = PBXFileReference; lastKnownFileType = sourcecode.swift; path = AppDelegate.swift; sourceTree = "<group>"; };
		2539EA3F29508206005B8B32 /* SceneDelegate.swift */ = {isa = PBXFileReference; lastKnownFileType = sourcecode.swift; path = SceneDelegate.swift; sourceTree = "<group>"; };
		2539EA4629508207005B8B32 /* Assets.xcassets */ = {isa = PBXFileReference; lastKnownFileType = folder.assetcatalog; path = Assets.xcassets; sourceTree = "<group>"; };
		2539EA4929508207005B8B32 /* Base */ = {isa = PBXFileReference; lastKnownFileType = file.storyboard; name = Base; path = Base.lproj/LaunchScreen.storyboard; sourceTree = "<group>"; };
		2539EA4B29508207005B8B32 /* Info.plist */ = {isa = PBXFileReference; lastKnownFileType = text.plist.xml; path = Info.plist; sourceTree = "<group>"; };
		2539EA5029508208005B8B32 /* KeepCoding_DragonBallAPI_Calzadilla_CTests.xctest */ = {isa = PBXFileReference; explicitFileType = wrapper.cfbundle; includeInIndex = 0; path = KeepCoding_DragonBallAPI_Calzadilla_CTests.xctest; sourceTree = BUILT_PRODUCTS_DIR; };
		2539EA5429508208005B8B32 /* KeepCoding_DragonBallAPI_Calzadilla_CTests.swift */ = {isa = PBXFileReference; lastKnownFileType = sourcecode.swift; path = KeepCoding_DragonBallAPI_Calzadilla_CTests.swift; sourceTree = "<group>"; };
		2539EA5A29508208005B8B32 /* KeepCoding_DragonBallAPI_Calzadilla_CUITests.xctest */ = {isa = PBXFileReference; explicitFileType = wrapper.cfbundle; includeInIndex = 0; path = KeepCoding_DragonBallAPI_Calzadilla_CUITests.xctest; sourceTree = BUILT_PRODUCTS_DIR; };
		2539EA5E29508208005B8B32 /* KeepCoding_DragonBallAPI_Calzadilla_CUITests.swift */ = {isa = PBXFileReference; lastKnownFileType = sourcecode.swift; path = KeepCoding_DragonBallAPI_Calzadilla_CUITests.swift; sourceTree = "<group>"; };
		2539EA6029508208005B8B32 /* KeepCoding_DragonBallAPI_Calzadilla_CUITestsLaunchTests.swift */ = {isa = PBXFileReference; lastKnownFileType = sourcecode.swift; path = KeepCoding_DragonBallAPI_Calzadilla_CUITestsLaunchTests.swift; sourceTree = "<group>"; };
		2539EA77295085B0005B8B32 /* CustomCell.swift */ = {isa = PBXFileReference; lastKnownFileType = sourcecode.swift; path = CustomCell.swift; sourceTree = "<group>"; };
		2539EA78295085B0005B8B32 /* CustomCell.xib */ = {isa = PBXFileReference; lastKnownFileType = file.xib; path = CustomCell.xib; sourceTree = "<group>"; };
		2539EA7B2950893E005B8B32 /* PrincipalTable.swift */ = {isa = PBXFileReference; lastKnownFileType = sourcecode.swift; path = PrincipalTable.swift; sourceTree = "<group>"; };
		2539EA7C2950893E005B8B32 /* PrincipalTable.xib */ = {isa = PBXFileReference; lastKnownFileType = file.xib; path = PrincipalTable.xib; sourceTree = "<group>"; };
		2539EA7F29508E3E005B8B32 /* CharacterClass.swift */ = {isa = PBXFileReference; lastKnownFileType = sourcecode.swift; path = CharacterClass.swift; sourceTree = "<group>"; };
/* End PBXFileReference section */

/* Begin PBXFrameworksBuildPhase section */
		2539EA3729508206005B8B32 /* Frameworks */ = {
			isa = PBXFrameworksBuildPhase;
			buildActionMask = 2147483647;
			files = (
			);
			runOnlyForDeploymentPostprocessing = 0;
		};
		2539EA4D29508208005B8B32 /* Frameworks */ = {
			isa = PBXFrameworksBuildPhase;
			buildActionMask = 2147483647;
			files = (
			);
			runOnlyForDeploymentPostprocessing = 0;
		};
		2539EA5729508208005B8B32 /* Frameworks */ = {
			isa = PBXFrameworksBuildPhase;
			buildActionMask = 2147483647;
			files = (
			);
			runOnlyForDeploymentPostprocessing = 0;
		};
/* End PBXFrameworksBuildPhase section */

/* Begin PBXGroup section */
		2539EA3129508206005B8B32 = {
			isa = PBXGroup;
			children = (
				2539EA3C29508206005B8B32 /* KeepCoding_DragonBallAPI_Calzadilla_C */,
				2539EA5329508208005B8B32 /* KeepCoding_DragonBallAPI_Calzadilla_CTests */,
				2539EA5D29508208005B8B32 /* KeepCoding_DragonBallAPI_Calzadilla_CUITests */,
				2539EA3B29508206005B8B32 /* Products */,
			);
			sourceTree = "<group>";
		};
		2539EA3B29508206005B8B32 /* Products */ = {
			isa = PBXGroup;
			children = (
				2539EA3A29508206005B8B32 /* KeepCoding_DragonBallAPI_Calzadilla_C.app */,
				2539EA5029508208005B8B32 /* KeepCoding_DragonBallAPI_Calzadilla_CTests.xctest */,
				2539EA5A29508208005B8B32 /* KeepCoding_DragonBallAPI_Calzadilla_CUITests.xctest */,
			);
			name = Products;
			sourceTree = "<group>";
		};
		2539EA3C29508206005B8B32 /* KeepCoding_DragonBallAPI_Calzadilla_C */ = {
			isa = PBXGroup;
			children = (
				2539EA702950829D005B8B32 /* Models */,
				2539EA6F29508290005B8B32 /* Managers */,
				2539EA6E29508283005B8B32 /* UI */,
				2539EA6D2950822C005B8B32 /* App */,
				2539EA4629508207005B8B32 /* Assets.xcassets */,
				2539EA4829508207005B8B32 /* LaunchScreen.storyboard */,
				2539EA4B29508207005B8B32 /* Info.plist */,
			);
			path = KeepCoding_DragonBallAPI_Calzadilla_C;
			sourceTree = "<group>";
		};
		2539EA5329508208005B8B32 /* KeepCoding_DragonBallAPI_Calzadilla_CTests */ = {
			isa = PBXGroup;
			children = (
				2539EA5429508208005B8B32 /* KeepCoding_DragonBallAPI_Calzadilla_CTests.swift */,
			);
			path = KeepCoding_DragonBallAPI_Calzadilla_CTests;
			sourceTree = "<group>";
		};
		2539EA5D29508208005B8B32 /* KeepCoding_DragonBallAPI_Calzadilla_CUITests */ = {
			isa = PBXGroup;
			children = (
				2539EA5E29508208005B8B32 /* KeepCoding_DragonBallAPI_Calzadilla_CUITests.swift */,
				2539EA6029508208005B8B32 /* KeepCoding_DragonBallAPI_Calzadilla_CUITestsLaunchTests.swift */,
			);
			path = KeepCoding_DragonBallAPI_Calzadilla_CUITests;
			sourceTree = "<group>";
		};
		2539EA6D2950822C005B8B32 /* App */ = {
			isa = PBXGroup;
			children = (
				2539EA3D29508206005B8B32 /* AppDelegate.swift */,
				2539EA3F29508206005B8B32 /* SceneDelegate.swift */,
			);
			path = App;
			sourceTree = "<group>";
		};
		2539EA6E29508283005B8B32 /* UI */ = {
			isa = PBXGroup;
			children = (
				2539EA71295082E6005B8B32 /* TableView */,
			);
			path = UI;
			sourceTree = "<group>";
		};
		2539EA6F29508290005B8B32 /* Managers */ = {
			isa = PBXGroup;
			children = (
			);
			path = Managers;
			sourceTree = "<group>";
		};
		2539EA702950829D005B8B32 /* Models */ = {
			isa = PBXGroup;
			children = (
				2539EA7F29508E3E005B8B32 /* CharacterClass.swift */,
			);
			path = Models;
			sourceTree = "<group>";
		};
		2539EA71295082E6005B8B32 /* TableView */ = {
			isa = PBXGroup;
			children = (
				2539EA7629508579005B8B32 /* CustomCell */,
				2539EA7B2950893E005B8B32 /* PrincipalTable.swift */,
				2539EA7C2950893E005B8B32 /* PrincipalTable.xib */,
			);
			path = TableView;
			sourceTree = "<group>";
		};
		2539EA7629508579005B8B32 /* CustomCell */ = {
			isa = PBXGroup;
			children = (
				2539EA77295085B0005B8B32 /* CustomCell.swift */,
				2539EA78295085B0005B8B32 /* CustomCell.xib */,
			);
			path = CustomCell;
			sourceTree = "<group>";
		};
/* End PBXGroup section */

/* Begin PBXNativeTarget section */
		2539EA3929508206005B8B32 /* KeepCoding_DragonBallAPI_Calzadilla_C */ = {
			isa = PBXNativeTarget;
			buildConfigurationList = 2539EA6429508208005B8B32 /* Build configuration list for PBXNativeTarget "KeepCoding_DragonBallAPI_Calzadilla_C" */;
			buildPhases = (
				2539EA3629508206005B8B32 /* Sources */,
				2539EA3729508206005B8B32 /* Frameworks */,
				2539EA3829508206005B8B32 /* Resources */,
			);
			buildRules = (
			);
			dependencies = (
			);
			name = KeepCoding_DragonBallAPI_Calzadilla_C;
			productName = KeepCoding_DragonBallAPI_Calzadilla_C;
			productReference = 2539EA3A29508206005B8B32 /* KeepCoding_DragonBallAPI_Calzadilla_C.app */;
			productType = "com.apple.product-type.application";
		};
		2539EA4F29508208005B8B32 /* KeepCoding_DragonBallAPI_Calzadilla_CTests */ = {
			isa = PBXNativeTarget;
			buildConfigurationList = 2539EA6729508208005B8B32 /* Build configuration list for PBXNativeTarget "KeepCoding_DragonBallAPI_Calzadilla_CTests" */;
			buildPhases = (
				2539EA4C29508208005B8B32 /* Sources */,
				2539EA4D29508208005B8B32 /* Frameworks */,
				2539EA4E29508208005B8B32 /* Resources */,
			);
			buildRules = (
			);
			dependencies = (
				2539EA5229508208005B8B32 /* PBXTargetDependency */,
			);
			name = KeepCoding_DragonBallAPI_Calzadilla_CTests;
			productName = KeepCoding_DragonBallAPI_Calzadilla_CTests;
			productReference = 2539EA5029508208005B8B32 /* KeepCoding_DragonBallAPI_Calzadilla_CTests.xctest */;
			productType = "com.apple.product-type.bundle.unit-test";
		};
		2539EA5929508208005B8B32 /* KeepCoding_DragonBallAPI_Calzadilla_CUITests */ = {
			isa = PBXNativeTarget;
			buildConfigurationList = 2539EA6A29508208005B8B32 /* Build configuration list for PBXNativeTarget "KeepCoding_DragonBallAPI_Calzadilla_CUITests" */;
			buildPhases = (
				2539EA5629508208005B8B32 /* Sources */,
				2539EA5729508208005B8B32 /* Frameworks */,
				2539EA5829508208005B8B32 /* Resources */,
			);
			buildRules = (
			);
			dependencies = (
				2539EA5C29508208005B8B32 /* PBXTargetDependency */,
			);
			name = KeepCoding_DragonBallAPI_Calzadilla_CUITests;
			productName = KeepCoding_DragonBallAPI_Calzadilla_CUITests;
			productReference = 2539EA5A29508208005B8B32 /* KeepCoding_DragonBallAPI_Calzadilla_CUITests.xctest */;
			productType = "com.apple.product-type.bundle.ui-testing";
		};
/* End PBXNativeTarget section */

/* Begin PBXProject section */
		2539EA3229508206005B8B32 /* Project object */ = {
			isa = PBXProject;
			attributes = {
				BuildIndependentTargetsInParallel = 1;
				LastSwiftUpdateCheck = 1410;
				LastUpgradeCheck = 1410;
				TargetAttributes = {
					2539EA3929508206005B8B32 = {
						CreatedOnToolsVersion = 14.1;
					};
					2539EA4F29508208005B8B32 = {
						CreatedOnToolsVersion = 14.1;
						TestTargetID = 2539EA3929508206005B8B32;
					};
					2539EA5929508208005B8B32 = {
						CreatedOnToolsVersion = 14.1;
						TestTargetID = 2539EA3929508206005B8B32;
					};
				};
			};
			buildConfigurationList = 2539EA3529508206005B8B32 /* Build configuration list for PBXProject "KeepCoding_DragonBallAPI_Calzadilla_C" */;
			compatibilityVersion = "Xcode 14.0";
			developmentRegion = en;
			hasScannedForEncodings = 0;
			knownRegions = (
				en,
				Base,
			);
			mainGroup = 2539EA3129508206005B8B32;
			productRefGroup = 2539EA3B29508206005B8B32 /* Products */;
			projectDirPath = "";
			projectRoot = "";
			targets = (
				2539EA3929508206005B8B32 /* KeepCoding_DragonBallAPI_Calzadilla_C */,
				2539EA4F29508208005B8B32 /* KeepCoding_DragonBallAPI_Calzadilla_CTests */,
				2539EA5929508208005B8B32 /* KeepCoding_DragonBallAPI_Calzadilla_CUITests */,
			);
		};
/* End PBXProject section */

/* Begin PBXResourcesBuildPhase section */
		2539EA3829508206005B8B32 /* Resources */ = {
			isa = PBXResourcesBuildPhase;
			buildActionMask = 2147483647;
			files = (
				2539EA4A29508207005B8B32 /* LaunchScreen.storyboard in Resources */,
				2539EA7E2950893E005B8B32 /* PrincipalTable.xib in Resources */,
				2539EA7A295085B0005B8B32 /* CustomCell.xib in Resources */,
				2539EA4729508207005B8B32 /* Assets.xcassets in Resources */,
			);
			runOnlyForDeploymentPostprocessing = 0;
		};
		2539EA4E29508208005B8B32 /* Resources */ = {
			isa = PBXResourcesBuildPhase;
			buildActionMask = 2147483647;
			files = (
			);
			runOnlyForDeploymentPostprocessing = 0;
		};
		2539EA5829508208005B8B32 /* Resources */ = {
			isa = PBXResourcesBuildPhase;
			buildActionMask = 2147483647;
			files = (
			);
			runOnlyForDeploymentPostprocessing = 0;
		};
/* End PBXResourcesBuildPhase section */

/* Begin PBXSourcesBuildPhase section */
		2539EA3629508206005B8B32 /* Sources */ = {
			isa = PBXSourcesBuildPhase;
			buildActionMask = 2147483647;
			files = (
				2539EA8029508E3E005B8B32 /* CharacterClass.swift in Sources */,
				2539EA3E29508206005B8B32 /* AppDelegate.swift in Sources */,
				2539EA7D2950893E005B8B32 /* PrincipalTable.swift in Sources */,
				2539EA79295085B0005B8B32 /* CustomCell.swift in Sources */,
				2539EA4029508206005B8B32 /* SceneDelegate.swift in Sources */,
			);
			runOnlyForDeploymentPostprocessing = 0;
		};
		2539EA4C29508208005B8B32 /* Sources */ = {
			isa = PBXSourcesBuildPhase;
			buildActionMask = 2147483647;
			files = (
				2539EA5529508208005B8B32 /* KeepCoding_DragonBallAPI_Calzadilla_CTests.swift in Sources */,
			);
			runOnlyForDeploymentPostprocessing = 0;
		};
		2539EA5629508208005B8B32 /* Sources */ = {
			isa = PBXSourcesBuildPhase;
			buildActionMask = 2147483647;
			files = (
				2539EA5F29508208005B8B32 /* KeepCoding_DragonBallAPI_Calzadilla_CUITests.swift in Sources */,
				2539EA6129508208005B8B32 /* KeepCoding_DragonBallAPI_Calzadilla_CUITestsLaunchTests.swift in Sources */,
			);
			runOnlyForDeploymentPostprocessing = 0;
		};
/* End PBXSourcesBuildPhase section */

/* Begin PBXTargetDependency section */
		2539EA5229508208005B8B32 /* PBXTargetDependency */ = {
			isa = PBXTargetDependency;
			target = 2539EA3929508206005B8B32 /* KeepCoding_DragonBallAPI_Calzadilla_C */;
			targetProxy = 2539EA5129508208005B8B32 /* PBXContainerItemProxy */;
		};
		2539EA5C29508208005B8B32 /* PBXTargetDependency */ = {
			isa = PBXTargetDependency;
			target = 2539EA3929508206005B8B32 /* KeepCoding_DragonBallAPI_Calzadilla_C */;
			targetProxy = 2539EA5B29508208005B8B32 /* PBXContainerItemProxy */;
		};
/* End PBXTargetDependency section */

/* Begin PBXVariantGroup section */
		2539EA4829508207005B8B32 /* LaunchScreen.storyboard */ = {
			isa = PBXVariantGroup;
			children = (
				2539EA4929508207005B8B32 /* Base */,
			);
			name = LaunchScreen.storyboard;
			sourceTree = "<group>";
		};
/* End PBXVariantGroup section */

/* Begin XCBuildConfiguration section */
		2539EA6229508208005B8B32 /* Debug */ = {
			isa = XCBuildConfiguration;
			buildSettings = {
				ALWAYS_SEARCH_USER_PATHS = NO;
				CLANG_ANALYZER_NONNULL = YES;
				CLANG_ANALYZER_NUMBER_OBJECT_CONVERSION = YES_AGGRESSIVE;
				CLANG_CXX_LANGUAGE_STANDARD = "gnu++20";
				CLANG_ENABLE_MODULES = YES;
				CLANG_ENABLE_OBJC_ARC = YES;
				CLANG_ENABLE_OBJC_WEAK = YES;
				CLANG_WARN_BLOCK_CAPTURE_AUTORELEASING = YES;
				CLANG_WARN_BOOL_CONVERSION = YES;
				CLANG_WARN_COMMA = YES;
				CLANG_WARN_CONSTANT_CONVERSION = YES;
				CLANG_WARN_DEPRECATED_OBJC_IMPLEMENTATIONS = YES;
				CLANG_WARN_DIRECT_OBJC_ISA_USAGE = YES_ERROR;
				CLANG_WARN_DOCUMENTATION_COMMENTS = YES;
				CLANG_WARN_EMPTY_BODY = YES;
				CLANG_WARN_ENUM_CONVERSION = YES;
				CLANG_WARN_INFINITE_RECURSION = YES;
				CLANG_WARN_INT_CONVERSION = YES;
				CLANG_WARN_NON_LITERAL_NULL_CONVERSION = YES;
				CLANG_WARN_OBJC_IMPLICIT_RETAIN_SELF = YES;
				CLANG_WARN_OBJC_LITERAL_CONVERSION = YES;
				CLANG_WARN_OBJC_ROOT_CLASS = YES_ERROR;
				CLANG_WARN_QUOTED_INCLUDE_IN_FRAMEWORK_HEADER = YES;
				CLANG_WARN_RANGE_LOOP_ANALYSIS = YES;
				CLANG_WARN_STRICT_PROTOTYPES = YES;
				CLANG_WARN_SUSPICIOUS_MOVE = YES;
				CLANG_WARN_UNGUARDED_AVAILABILITY = YES_AGGRESSIVE;
				CLANG_WARN_UNREACHABLE_CODE = YES;
				CLANG_WARN__DUPLICATE_METHOD_MATCH = YES;
				COPY_PHASE_STRIP = NO;
				DEBUG_INFORMATION_FORMAT = dwarf;
				ENABLE_STRICT_OBJC_MSGSEND = YES;
				ENABLE_TESTABILITY = YES;
				GCC_C_LANGUAGE_STANDARD = gnu11;
				GCC_DYNAMIC_NO_PIC = NO;
				GCC_NO_COMMON_BLOCKS = YES;
				GCC_OPTIMIZATION_LEVEL = 0;
				GCC_PREPROCESSOR_DEFINITIONS = (
					"DEBUG=1",
					"$(inherited)",
				);
				GCC_WARN_64_TO_32_BIT_CONVERSION = YES;
				GCC_WARN_ABOUT_RETURN_TYPE = YES_ERROR;
				GCC_WARN_UNDECLARED_SELECTOR = YES;
				GCC_WARN_UNINITIALIZED_AUTOS = YES_AGGRESSIVE;
				GCC_WARN_UNUSED_FUNCTION = YES;
				GCC_WARN_UNUSED_VARIABLE = YES;
				IPHONEOS_DEPLOYMENT_TARGET = 16.1;
				MTL_ENABLE_DEBUG_INFO = INCLUDE_SOURCE;
				MTL_FAST_MATH = YES;
				ONLY_ACTIVE_ARCH = YES;
				SDKROOT = iphoneos;
				SWIFT_ACTIVE_COMPILATION_CONDITIONS = DEBUG;
				SWIFT_OPTIMIZATION_LEVEL = "-Onone";
			};
			name = Debug;
		};
		2539EA6329508208005B8B32 /* Release */ = {
			isa = XCBuildConfiguration;
			buildSettings = {
				ALWAYS_SEARCH_USER_PATHS = NO;
				CLANG_ANALYZER_NONNULL = YES;
				CLANG_ANALYZER_NUMBER_OBJECT_CONVERSION = YES_AGGRESSIVE;
				CLANG_CXX_LANGUAGE_STANDARD = "gnu++20";
				CLANG_ENABLE_MODULES = YES;
				CLANG_ENABLE_OBJC_ARC = YES;
				CLANG_ENABLE_OBJC_WEAK = YES;
				CLANG_WARN_BLOCK_CAPTURE_AUTORELEASING = YES;
				CLANG_WARN_BOOL_CONVERSION = YES;
				CLANG_WARN_COMMA = YES;
				CLANG_WARN_CONSTANT_CONVERSION = YES;
				CLANG_WARN_DEPRECATED_OBJC_IMPLEMENTATIONS = YES;
				CLANG_WARN_DIRECT_OBJC_ISA_USAGE = YES_ERROR;
				CLANG_WARN_DOCUMENTATION_COMMENTS = YES;
				CLANG_WARN_EMPTY_BODY = YES;
				CLANG_WARN_ENUM_CONVERSION = YES;
				CLANG_WARN_INFINITE_RECURSION = YES;
				CLANG_WARN_INT_CONVERSION = YES;
				CLANG_WARN_NON_LITERAL_NULL_CONVERSION = YES;
				CLANG_WARN_OBJC_IMPLICIT_RETAIN_SELF = YES;
				CLANG_WARN_OBJC_LITERAL_CONVERSION = YES;
				CLANG_WARN_OBJC_ROOT_CLASS = YES_ERROR;
				CLANG_WARN_QUOTED_INCLUDE_IN_FRAMEWORK_HEADER = YES;
				CLANG_WARN_RANGE_LOOP_ANALYSIS = YES;
				CLANG_WARN_STRICT_PROTOTYPES = YES;
				CLANG_WARN_SUSPICIOUS_MOVE = YES;
				CLANG_WARN_UNGUARDED_AVAILABILITY = YES_AGGRESSIVE;
				CLANG_WARN_UNREACHABLE_CODE = YES;
				CLANG_WARN__DUPLICATE_METHOD_MATCH = YES;
				COPY_PHASE_STRIP = NO;
				DEBUG_INFORMATION_FORMAT = "dwarf-with-dsym";
				ENABLE_NS_ASSERTIONS = NO;
				ENABLE_STRICT_OBJC_MSGSEND = YES;
				GCC_C_LANGUAGE_STANDARD = gnu11;
				GCC_NO_COMMON_BLOCKS = YES;
				GCC_WARN_64_TO_32_BIT_CONVERSION = YES;
				GCC_WARN_ABOUT_RETURN_TYPE = YES_ERROR;
				GCC_WARN_UNDECLARED_SELECTOR = YES;
				GCC_WARN_UNINITIALIZED_AUTOS = YES_AGGRESSIVE;
				GCC_WARN_UNUSED_FUNCTION = YES;
				GCC_WARN_UNUSED_VARIABLE = YES;
				IPHONEOS_DEPLOYMENT_TARGET = 16.1;
				MTL_ENABLE_DEBUG_INFO = NO;
				MTL_FAST_MATH = YES;
				SDKROOT = iphoneos;
				SWIFT_COMPILATION_MODE = wholemodule;
				SWIFT_OPTIMIZATION_LEVEL = "-O";
				VALIDATE_PRODUCT = YES;
			};
			name = Release;
		};
		2539EA6529508208005B8B32 /* Debug */ = {
			isa = XCBuildConfiguration;
			buildSettings = {
				ASSETCATALOG_COMPILER_APPICON_NAME = AppIcon;
				ASSETCATALOG_COMPILER_GLOBAL_ACCENT_COLOR_NAME = AccentColor;
				CODE_SIGN_STYLE = Automatic;
				CURRENT_PROJECT_VERSION = 1;
				DEVELOPMENT_TEAM = 4TCN252L83;
				GENERATE_INFOPLIST_FILE = YES;
				INFOPLIST_FILE = KeepCoding_DragonBallAPI_Calzadilla_C/Info.plist;
				INFOPLIST_KEY_UIApplicationSupportsIndirectInputEvents = YES;
				INFOPLIST_KEY_UILaunchStoryboardName = LaunchScreen;
				INFOPLIST_KEY_UISupportedInterfaceOrientations_iPad = "UIInterfaceOrientationPortrait UIInterfaceOrientationPortraitUpsideDown UIInterfaceOrientationLandscapeLeft UIInterfaceOrientationLandscapeRight";
				INFOPLIST_KEY_UISupportedInterfaceOrientations_iPhone = "UIInterfaceOrientationPortrait UIInterfaceOrientationLandscapeLeft UIInterfaceOrientationLandscapeRight";
				LD_RUNPATH_SEARCH_PATHS = (
					"$(inherited)",
					"@executable_path/Frameworks",
				);
				MARKETING_VERSION = 1.0;
				PRODUCT_BUNDLE_IDENTIFIER = "isabelc.KeepCoding-DragonBallAPI-Calzadilla-C";
				PRODUCT_NAME = "$(TARGET_NAME)";
				SWIFT_EMIT_LOC_STRINGS = YES;
				SWIFT_VERSION = 5.0;
				TARGETED_DEVICE_FAMILY = "1,2";
			};
			name = Debug;
		};
		2539EA6629508208005B8B32 /* Release */ = {
			isa = XCBuildConfiguration;
			buildSettings = {
				ASSETCATALOG_COMPILER_APPICON_NAME = AppIcon;
				ASSETCATALOG_COMPILER_GLOBAL_ACCENT_COLOR_NAME = AccentColor;
				CODE_SIGN_STYLE = Automatic;
				CURRENT_PROJECT_VERSION = 1;
				DEVELOPMENT_TEAM = 4TCN252L83;
				GENERATE_INFOPLIST_FILE = YES;
				INFOPLIST_FILE = KeepCoding_DragonBallAPI_Calzadilla_C/Info.plist;
				INFOPLIST_KEY_UIApplicationSupportsIndirectInputEvents = YES;
				INFOPLIST_KEY_UILaunchStoryboardName = LaunchScreen;
				INFOPLIST_KEY_UISupportedInterfaceOrientations_iPad = "UIInterfaceOrientationPortrait UIInterfaceOrientationPortraitUpsideDown UIInterfaceOrientationLandscapeLeft UIInterfaceOrientationLandscapeRight";
				INFOPLIST_KEY_UISupportedInterfaceOrientations_iPhone = "UIInterfaceOrientationPortrait UIInterfaceOrientationLandscapeLeft UIInterfaceOrientationLandscapeRight";
				LD_RUNPATH_SEARCH_PATHS = (
					"$(inherited)",
					"@executable_path/Frameworks",
				);
				MARKETING_VERSION = 1.0;
				PRODUCT_BUNDLE_IDENTIFIER = "isabelc.KeepCoding-DragonBallAPI-Calzadilla-C";
				PRODUCT_NAME = "$(TARGET_NAME)";
				SWIFT_EMIT_LOC_STRINGS = YES;
				SWIFT_VERSION = 5.0;
				TARGETED_DEVICE_FAMILY = "1,2";
			};
			name = Release;
		};
		2539EA6829508208005B8B32 /* Debug */ = {
			isa = XCBuildConfiguration;
			buildSettings = {
				ALWAYS_EMBED_SWIFT_STANDARD_LIBRARIES = YES;
				BUNDLE_LOADER = "$(TEST_HOST)";
				CODE_SIGN_STYLE = Automatic;
				CURRENT_PROJECT_VERSION = 1;
				DEVELOPMENT_TEAM = 4TCN252L83;
				GENERATE_INFOPLIST_FILE = YES;
				IPHONEOS_DEPLOYMENT_TARGET = 16.1;
				MARKETING_VERSION = 1.0;
				PRODUCT_BUNDLE_IDENTIFIER = "isabelc.KeepCoding-DragonBallAPI-Calzadilla-CTests";
				PRODUCT_NAME = "$(TARGET_NAME)";
				SWIFT_EMIT_LOC_STRINGS = NO;
				SWIFT_VERSION = 5.0;
				TARGETED_DEVICE_FAMILY = "1,2";
				TEST_HOST = "$(BUILT_PRODUCTS_DIR)/KeepCoding_DragonBallAPI_Calzadilla_C.app/$(BUNDLE_EXECUTABLE_FOLDER_PATH)/KeepCoding_DragonBallAPI_Calzadilla_C";
			};
			name = Debug;
		};
		2539EA6929508208005B8B32 /* Release */ = {
			isa = XCBuildConfiguration;
			buildSettings = {
				ALWAYS_EMBED_SWIFT_STANDARD_LIBRARIES = YES;
				BUNDLE_LOADER = "$(TEST_HOST)";
				CODE_SIGN_STYLE = Automatic;
				CURRENT_PROJECT_VERSION = 1;
				DEVELOPMENT_TEAM = 4TCN252L83;
				GENERATE_INFOPLIST_FILE = YES;
				IPHONEOS_DEPLOYMENT_TARGET = 16.1;
				MARKETING_VERSION = 1.0;
				PRODUCT_BUNDLE_IDENTIFIER = "isabelc.KeepCoding-DragonBallAPI-Calzadilla-CTests";
				PRODUCT_NAME = "$(TARGET_NAME)";
				SWIFT_EMIT_LOC_STRINGS = NO;
				SWIFT_VERSION = 5.0;
				TARGETED_DEVICE_FAMILY = "1,2";
				TEST_HOST = "$(BUILT_PRODUCTS_DIR)/KeepCoding_DragonBallAPI_Calzadilla_C.app/$(BUNDLE_EXECUTABLE_FOLDER_PATH)/KeepCoding_DragonBallAPI_Calzadilla_C";
			};
			name = Release;
		};
		2539EA6B29508208005B8B32 /* Debug */ = {
			isa = XCBuildConfiguration;
			buildSettings = {
				ALWAYS_EMBED_SWIFT_STANDARD_LIBRARIES = YES;
				CODE_SIGN_STYLE = Automatic;
				CURRENT_PROJECT_VERSION = 1;
				DEVELOPMENT_TEAM = 4TCN252L83;
				GENERATE_INFOPLIST_FILE = YES;
				MARKETING_VERSION = 1.0;
				PRODUCT_BUNDLE_IDENTIFIER = "isabelc.KeepCoding-DragonBallAPI-Calzadilla-CUITests";
				PRODUCT_NAME = "$(TARGET_NAME)";
				SWIFT_EMIT_LOC_STRINGS = NO;
				SWIFT_VERSION = 5.0;
				TARGETED_DEVICE_FAMILY = "1,2";
				TEST_TARGET_NAME = KeepCoding_DragonBallAPI_Calzadilla_C;
			};
			name = Debug;
		};
		2539EA6C29508208005B8B32 /* Release */ = {
			isa = XCBuildConfiguration;
			buildSettings = {
				ALWAYS_EMBED_SWIFT_STANDARD_LIBRARIES = YES;
				CODE_SIGN_STYLE = Automatic;
				CURRENT_PROJECT_VERSION = 1;
				DEVELOPMENT_TEAM = 4TCN252L83;
				GENERATE_INFOPLIST_FILE = YES;
				MARKETING_VERSION = 1.0;
				PRODUCT_BUNDLE_IDENTIFIER = "isabelc.KeepCoding-DragonBallAPI-Calzadilla-CUITests";
				PRODUCT_NAME = "$(TARGET_NAME)";
				SWIFT_EMIT_LOC_STRINGS = NO;
				SWIFT_VERSION = 5.0;
				TARGETED_DEVICE_FAMILY = "1,2";
				TEST_TARGET_NAME = KeepCoding_DragonBallAPI_Calzadilla_C;
			};
			name = Release;
		};
/* End XCBuildConfiguration section */

/* Begin XCConfigurationList section */
		2539EA3529508206005B8B32 /* Build configuration list for PBXProject "KeepCoding_DragonBallAPI_Calzadilla_C" */ = {
			isa = XCConfigurationList;
			buildConfigurations = (
				2539EA6229508208005B8B32 /* Debug */,
				2539EA6329508208005B8B32 /* Release */,
			);
			defaultConfigurationIsVisible = 0;
			defaultConfigurationName = Release;
		};
		2539EA6429508208005B8B32 /* Build configuration list for PBXNativeTarget "KeepCoding_DragonBallAPI_Calzadilla_C" */ = {
			isa = XCConfigurationList;
			buildConfigurations = (
				2539EA6529508208005B8B32 /* Debug */,
				2539EA6629508208005B8B32 /* Release */,
			);
			defaultConfigurationIsVisible = 0;
			defaultConfigurationName = Release;
		};
		2539EA6729508208005B8B32 /* Build configuration list for PBXNativeTarget "KeepCoding_DragonBallAPI_Calzadilla_CTests" */ = {
			isa = XCConfigurationList;
			buildConfigurations = (
				2539EA6829508208005B8B32 /* Debug */,
				2539EA6929508208005B8B32 /* Release */,
			);
			defaultConfigurationIsVisible = 0;
			defaultConfigurationName = Release;
		};
		2539EA6A29508208005B8B32 /* Build configuration list for PBXNativeTarget "KeepCoding_DragonBallAPI_Calzadilla_CUITests" */ = {
			isa = XCConfigurationList;
			buildConfigurations = (
				2539EA6B29508208005B8B32 /* Debug */,
				2539EA6C29508208005B8B32 /* Release */,
			);
			defaultConfigurationIsVisible = 0;
			defaultConfigurationName = Release;
		};
/* End XCConfigurationList section */
	};
	rootObject = 2539EA3229508206005B8B32 /* Project object */;
}
